
Microsoft Visual Studio Solution File, Format Version 12.00
# Visual Studio Version 17
VisualStudioVersion = 17.0.31903.59
MinimumVisualStudioVersion = 10.0.40219.1
Project("{2150E333-8FDC-42A3-9474-1A3956D46DE8}") = "backend", "backend", "{1AE8ACA6-933B-BF2A-3671-3E2EAC007D16}"
EndProject
Project("{FAE04EC0-301F-11D3-BF4B-00C04F79EFBC}") = "Registration.API", "backend\Registration.API\Registration.API.csproj", "{8FAD6F1E-961D-4722-BDA0-2FE228EC25D6}"
EndProject
Project("{FAE04EC0-301F-11D3-BF4B-00C04F79EFBC}") = "Registration.Application", "backend\Registration.Application\Registration.Application.csproj", "{779C72CE-AE45-472C-B012-B1F42BF2552E}"
EndProject
Project("{FAE04EC0-301F-11D3-BF4B-00C04F79EFBC}") = "Registration.Persistence", "backend\Registration.Persistence\Registration.Persistence.csproj", "{C373E256-A38F-4622-8C6B-8426C6EECF41}"
EndProject
Project("{FAE04EC0-301F-11D3-BF4B-00C04F79EFBC}") = "Registration.Domain", "backend\Registration.Domain\Registration.Domain.csproj", "{60E590F3-3014-4C85-889C-642F6FED46F5}"
EndProject
Project("{2150E333-8FDC-42A3-9474-1A3956D46DE8}") = "tests", "tests", "{0AB3BF05-4346-4AA6-1389-037BE0695223}"
EndProject
Project("{FAE04EC0-301F-11D3-BF4B-00C04F79EFBC}") = "Registration.Tests", "tests\Registration.Tests\Registration.Tests.csproj", "{5059E081-339E-436E-A6BA-E2550799832F}"
EndProject
Global
	GlobalSection(SolutionConfigurationPlatforms) = preSolution
		Debug|Any CPU = Debug|Any CPU
		Debug|x64 = Debug|x64
		Debug|x86 = Debug|x86
		Release|Any CPU = Release|Any CPU
		Release|x64 = Release|x64
		Release|x86 = Release|x86
	EndGlobalSection
	GlobalSection(ProjectConfigurationPlatforms) = postSolution
		{8FAD6F1E-961D-4722-BDA0-2FE228EC25D6}.Debug|Any CPU.ActiveCfg = Debug|Any CPU
		{8FAD6F1E-961D-4722-BDA0-2FE228EC25D6}.Debug|Any CPU.Build.0 = Debug|Any CPU
		{8FAD6F1E-961D-4722-BDA0-2FE228EC25D6}.Debug|x64.ActiveCfg = Debug|Any CPU
		{8FAD6F1E-961D-4722-BDA0-2FE228EC25D6}.Debug|x64.Build.0 = Debug|Any CPU
		{8FAD6F1E-961D-4722-BDA0-2FE228EC25D6}.Debug|x86.ActiveCfg = Debug|Any CPU
		{8FAD6F1E-961D-4722-BDA0-2FE228EC25D6}.Debug|x86.Build.0 = Debug|Any CPU
		{8FAD6F1E-961D-4722-BDA0-2FE228EC25D6}.Release|Any CPU.ActiveCfg = Release|Any CPU
		{8FAD6F1E-961D-4722-BDA0-2FE228EC25D6}.Release|Any CPU.Build.0 = Release|Any CPU
		{8FAD6F1E-961D-4722-BDA0-2FE228EC25D6}.Release|x64.ActiveCfg = Release|Any CPU
		{8FAD6F1E-961D-4722-BDA0-2FE228EC25D6}.Release|x64.Build.0 = Release|Any CPU
		{8FAD6F1E-961D-4722-BDA0-2FE228EC25D6}.Release|x86.ActiveCfg = Release|Any CPU
		{8FAD6F1E-961D-4722-BDA0-2FE228EC25D6}.Release|x86.Build.0 = Release|Any CPU
		{779C72CE-AE45-472C-B012-B1F42BF2552E}.Debug|Any CPU.ActiveCfg = Debug|Any CPU
		{779C72CE-AE45-472C-B012-B1F42BF2552E}.Debug|Any CPU.Build.0 = Debug|Any CPU
		{779C72CE-AE45-472C-B012-B1F42BF2552E}.Debug|x64.ActiveCfg = Debug|Any CPU
		{779C72CE-AE45-472C-B012-B1F42BF2552E}.Debug|x64.Build.0 = Debug|Any CPU
		{779C72CE-AE45-472C-B012-B1F42BF2552E}.Debug|x86.ActiveCfg = Debug|Any CPU
		{779C72CE-AE45-472C-B012-B1F42BF2552E}.Debug|x86.Build.0 = Debug|Any CPU
		{779C72CE-AE45-472C-B012-B1F42BF2552E}.Release|Any CPU.ActiveCfg = Release|Any CPU
		{779C72CE-AE45-472C-B012-B1F42BF2552E}.Release|Any CPU.Build.0 = Release|Any CPU
		{779C72CE-AE45-472C-B012-B1F42BF2552E}.Release|x64.ActiveCfg = Release|Any CPU
		{779C72CE-AE45-472C-B012-B1F42BF2552E}.Release|x64.Build.0 = Release|Any CPU
		{779C72CE-AE45-472C-B012-B1F42BF2552E}.Release|x86.ActiveCfg = Release|Any CPU
		{779C72CE-AE45-472C-B012-B1F42BF2552E}.Release|x86.Build.0 = Release|Any CPU
		{C373E256-A38F-4622-8C6B-8426C6EECF41}.Debug|Any CPU.ActiveCfg = Debug|Any CPU
		{C373E256-A38F-4622-8C6B-8426C6EECF41}.Debug|Any CPU.Build.0 = Debug|Any CPU
		{C373E256-A38F-4622-8C6B-8426C6EECF41}.Debug|x64.ActiveCfg = Debug|Any CPU
		{C373E256-A38F-4622-8C6B-8426C6EECF41}.Debug|x64.Build.0 = Debug|Any CPU
		{C373E256-A38F-4622-8C6B-8426C6EECF41}.Debug|x86.ActiveCfg = Debug|Any CPU
		{C373E256-A38F-4622-8C6B-8426C6EECF41}.Debug|x86.Build.0 = Debug|Any CPU
		{C373E256-A38F-4622-8C6B-8426C6EECF41}.Release|Any CPU.ActiveCfg = Release|Any CPU
		{C373E256-A38F-4622-8C6B-8426C6EECF41}.Release|Any CPU.Build.0 = Release|Any CPU
		{C373E256-A38F-4622-8C6B-8426C6EECF41}.Release|x64.ActiveCfg = Release|Any CPU
		{C373E256-A38F-4622-8C6B-8426C6EECF41}.Release|x64.Build.0 = Release|Any CPU
		{C373E256-A38F-4622-8C6B-8426C6EECF41}.Release|x86.ActiveCfg = Release|Any CPU
		{C373E256-A38F-4622-8C6B-8426C6EECF41}.Release|x86.Build.0 = Release|Any CPU
		{60E590F3-3014-4C85-889C-642F6FED46F5}.Debug|Any CPU.ActiveCfg = Debug|Any CPU
		{60E590F3-3014-4C85-889C-642F6FED46F5}.Debug|Any CPU.Build.0 = Debug|Any CPU
		{60E590F3-3014-4C85-889C-642F6FED46F5}.Debug|x64.ActiveCfg = Debug|Any CPU
		{60E590F3-3014-4C85-889C-642F6FED46F5}.Debug|x64.Build.0 = Debug|Any CPU
		{60E590F3-3014-4C85-889C-642F6FED46F5}.Debug|x86.ActiveCfg = Debug|Any CPU
		{60E590F3-3014-4C85-889C-642F6FED46F5}.Debug|x86.Build.0 = Debug|Any CPU
		{60E590F3-3014-4C85-889C-642F6FED46F5}.Release|Any CPU.ActiveCfg = Release|Any CPU
		{60E590F3-3014-4C85-889C-642F6FED46F5}.Release|Any CPU.Build.0 = Release|Any CPU
		{60E590F3-3014-4C85-889C-642F6FED46F5}.Release|x64.ActiveCfg = Release|Any CPU
		{60E590F3-3014-4C85-889C-642F6FED46F5}.Release|x64.Build.0 = Release|Any CPU
		{60E590F3-3014-4C85-889C-642F6FED46F5}.Release|x86.ActiveCfg = Release|Any CPU
		{60E590F3-3014-4C85-889C-642F6FED46F5}.Release|x86.Build.0 = Release|Any CPU
		{5059E081-339E-436E-A6BA-E2550799832F}.Debug|Any CPU.ActiveCfg = Debug|Any CPU
		{5059E081-339E-436E-A6BA-E2550799832F}.Debug|Any CPU.Build.0 = Debug|Any CPU
		{5059E081-339E-436E-A6BA-E2550799832F}.Debug|x64.ActiveCfg = Debug|Any CPU
		{5059E081-339E-436E-A6BA-E2550799832F}.Debug|x64.Build.0 = Debug|Any CPU
		{5059E081-339E-436E-A6BA-E2550799832F}.Debug|x86.ActiveCfg = Debug|Any CPU
		{5059E081-339E-436E-A6BA-E2550799832F}.Debug|x86.Build.0 = Debug|Any CPU
		{5059E081-339E-436E-A6BA-E2550799832F}.Release|Any CPU.ActiveCfg = Release|Any CPU
		{5059E081-339E-436E-A6BA-E2550799832F}.Release|Any CPU.Build.0 = Release|Any CPU
		{5059E081-339E-436E-A6BA-E2550799832F}.Release|x64.ActiveCfg = Release|Any CPU
		{5059E081-339E-436E-A6BA-E2550799832F}.Release|x64.Build.0 = Release|Any CPU
		{5059E081-339E-436E-A6BA-E2550799832F}.Release|x86.ActiveCfg = Release|Any CPU
		{5059E081-339E-436E-A6BA-E2550799832F}.Release|x86.Build.0 = Release|Any CPU
	EndGlobalSection
	GlobalSection(SolutionProperties) = preSolution
		HideSolutionNode = FALSE
	EndGlobalSection
	GlobalSection(NestedProjects) = preSolution
		{8FAD6F1E-961D-4722-BDA0-2FE228EC25D6} = {1AE8ACA6-933B-BF2A-3671-3E2EAC007D16}
		{779C72CE-AE45-472C-B012-B1F42BF2552E} = {1AE8ACA6-933B-BF2A-3671-3E2EAC007D16}
		{C373E256-A38F-4622-8C6B-8426C6EECF41} = {1AE8ACA6-933B-BF2A-3671-3E2EAC007D16}
		{60E590F3-3014-4C85-889C-642F6FED46F5} = {1AE8ACA6-933B-BF2A-3671-3E2EAC007D16}
		{5059E081-339E-436E-A6BA-E2550799832F} = {0AB3BF05-4346-4AA6-1389-037BE0695223}
	EndGlobalSection
EndGlobal
